
Microsoft Visual Studio Solution File, Format Version 9.00
# Visual C# Express 2005
Project("{FAE04EC0-301F-11D3-BF4B-00C04F79EFBC}") = "SmartTextBox", "SmartTextBox\SmartTextBox.csproj", "{BC1FF61B-F04C-4995-8B2F-32DFE070CDF3}"
EndProject
Global
	GlobalSection(SolutionConfigurationPlatforms) = preSolution
		Debug|Any CPU = Debug|Any CPU
		Release|Any CPU = Release|Any CPU
	EndGlobalSection
	GlobalSection(ProjectConfigurationPlatforms) = postSolution
		{BC1FF61B-F04C-4995-8B2F-32DFE070CDF3}.Debug|Any CPU.ActiveCfg = Debug|Any CPU
		{BC1FF61B-F04C-4995-8B2F-32DFE070CDF3}.Debug|Any CPU.Build.0 = Debug|Any CPU
		{BC1FF61B-F04C-4995-8B2F-32DFE070CDF3}.Release|Any CPU.ActiveCfg = Release|Any CPU
		{BC1FF61B-F04C-4995-8B2F-32DFE070CDF3}.Release|Any CPU.Build.0 = Release|Any CPU
	EndGlobalSection
	GlobalSection(SolutionProperties) = preSolution
		HideSolutionNode = FALSE
	EndGlobalSection
EndGlobal
